
Microsoft Visual Studio Solution File, Format Version 12.00
# Visual Studio 15
VisualStudioVersion = 15.0.28307.1000
MinimumVisualStudioVersion = 10.0.40219.1
Project("{FAE04EC0-301F-11D3-BF4B-00C04F79EFBC}") = "AspNetMvc", "AspNetMvc\AspNetMvc.csproj", "{78677F25-79BA-4FB0-9B13-7BFF626B0BCA}"
	ProjectSection(ProjectDependencies) = postProject
		{397507C8-D05E-4F06-9D3F-CE5E506A8476} = {397507C8-D05E-4F06-9D3F-CE5E506A8476}
	EndProjectSection
EndProject
Project("{FAE04EC0-301F-11D3-BF4B-00C04F79EFBC}") = "PhotoCore.BackEnd", "PhotoCore.BackEnd\PhotoCore.BackEnd.csproj", "{397507C8-D05E-4F06-9D3F-CE5E506A8476}"
EndProject
Project("{FAE04EC0-301F-11D3-BF4B-00C04F79EFBC}") = "TestLab", "TestLab\TestLab.csproj", "{80CA9E15-3FD6-4A11-A2B4-5B843AC0D11E}"
	ProjectSection(ProjectDependencies) = postProject
		{397507C8-D05E-4F06-9D3F-CE5E506A8476} = {397507C8-D05E-4F06-9D3F-CE5E506A8476}
	EndProjectSection
EndProject
Global
	GlobalSection(SolutionConfigurationPlatforms) = preSolution
		Debug|Any CPU = Debug|Any CPU
		Debug|x64 = Debug|x64
		Debug|x86 = Debug|x86
		Release|Any CPU = Release|Any CPU
		Release|x64 = Release|x64
		Release|x86 = Release|x86
	EndGlobalSection
	GlobalSection(ProjectConfigurationPlatforms) = postSolution
		{78677F25-79BA-4FB0-9B13-7BFF626B0BCA}.Debug|Any CPU.ActiveCfg = Debug|Any CPU
		{78677F25-79BA-4FB0-9B13-7BFF626B0BCA}.Debug|Any CPU.Build.0 = Debug|Any CPU
		{78677F25-79BA-4FB0-9B13-7BFF626B0BCA}.Debug|x64.ActiveCfg = Debug|x64
		{78677F25-79BA-4FB0-9B13-7BFF626B0BCA}.Debug|x64.Build.0 = Debug|x64
		{78677F25-79BA-4FB0-9B13-7BFF626B0BCA}.Debug|x86.ActiveCfg = Debug|Any CPU
		{78677F25-79BA-4FB0-9B13-7BFF626B0BCA}.Debug|x86.Build.0 = Debug|Any CPU
		{78677F25-79BA-4FB0-9B13-7BFF626B0BCA}.Release|Any CPU.ActiveCfg = Release|Any CPU
		{78677F25-79BA-4FB0-9B13-7BFF626B0BCA}.Release|Any CPU.Build.0 = Release|Any CPU
		{78677F25-79BA-4FB0-9B13-7BFF626B0BCA}.Release|x64.ActiveCfg = Release|Any CPU
		{78677F25-79BA-4FB0-9B13-7BFF626B0BCA}.Release|x64.Build.0 = Release|Any CPU
		{78677F25-79BA-4FB0-9B13-7BFF626B0BCA}.Release|x86.ActiveCfg = Release|Any CPU
		{78677F25-79BA-4FB0-9B13-7BFF626B0BCA}.Release|x86.Build.0 = Release|Any CPU
		{397507C8-D05E-4F06-9D3F-CE5E506A8476}.Debug|Any CPU.ActiveCfg = Debug|Any CPU
		{397507C8-D05E-4F06-9D3F-CE5E506A8476}.Debug|Any CPU.Build.0 = Debug|Any CPU
		{397507C8-D05E-4F06-9D3F-CE5E506A8476}.Debug|x64.ActiveCfg = Debug|x64
		{397507C8-D05E-4F06-9D3F-CE5E506A8476}.Debug|x64.Build.0 = Debug|x64
		{397507C8-D05E-4F06-9D3F-CE5E506A8476}.Debug|x86.ActiveCfg = Debug|Any CPU
		{397507C8-D05E-4F06-9D3F-CE5E506A8476}.Debug|x86.Build.0 = Debug|Any CPU
		{397507C8-D05E-4F06-9D3F-CE5E506A8476}.Release|Any CPU.ActiveCfg = Release|Any CPU
		{397507C8-D05E-4F06-9D3F-CE5E506A8476}.Release|Any CPU.Build.0 = Release|Any CPU
		{397507C8-D05E-4F06-9D3F-CE5E506A8476}.Release|x64.ActiveCfg = Release|x64
		{397507C8-D05E-4F06-9D3F-CE5E506A8476}.Release|x64.Build.0 = Release|x64
		{397507C8-D05E-4F06-9D3F-CE5E506A8476}.Release|x86.ActiveCfg = Release|Any CPU
		{397507C8-D05E-4F06-9D3F-CE5E506A8476}.Release|x86.Build.0 = Release|Any CPU
		{80CA9E15-3FD6-4A11-A2B4-5B843AC0D11E}.Debug|Any CPU.ActiveCfg = Debug|Any CPU
		{80CA9E15-3FD6-4A11-A2B4-5B843AC0D11E}.Debug|Any CPU.Build.0 = Debug|Any CPU
		{80CA9E15-3FD6-4A11-A2B4-5B843AC0D11E}.Debug|x64.ActiveCfg = Debug|x64
		{80CA9E15-3FD6-4A11-A2B4-5B843AC0D11E}.Debug|x64.Build.0 = Debug|x64
		{80CA9E15-3FD6-4A11-A2B4-5B843AC0D11E}.Debug|x86.ActiveCfg = Debug|Any CPU
		{80CA9E15-3FD6-4A11-A2B4-5B843AC0D11E}.Debug|x86.Build.0 = Debug|Any CPU
		{80CA9E15-3FD6-4A11-A2B4-5B843AC0D11E}.Release|Any CPU.ActiveCfg = Release|Any CPU
		{80CA9E15-3FD6-4A11-A2B4-5B843AC0D11E}.Release|Any CPU.Build.0 = Release|Any CPU
		{80CA9E15-3FD6-4A11-A2B4-5B843AC0D11E}.Release|x64.ActiveCfg = Release|x64
		{80CA9E15-3FD6-4A11-A2B4-5B843AC0D11E}.Release|x64.Build.0 = Release|x64
		{80CA9E15-3FD6-4A11-A2B4-5B843AC0D11E}.Release|x86.ActiveCfg = Release|Any CPU
		{80CA9E15-3FD6-4A11-A2B4-5B843AC0D11E}.Release|x86.Build.0 = Release|Any CPU
	EndGlobalSection
	GlobalSection(SolutionProperties) = preSolution
		HideSolutionNode = FALSE
	EndGlobalSection
	GlobalSection(ExtensibilityGlobals) = postSolution
		SolutionGuid = {04DE0638-CFA5-49D3-9106-B92892224B1F}
	EndGlobalSection
EndGlobal
